
Microsoft Visual Studio Solution File, Format Version 12.00
# Visual Studio Version 17
VisualStudioVersion = 17.14.36221.1
MinimumVisualStudioVersion = 10.0.40219.1
Project("{FAE04EC0-301F-11D3-BF4B-00C04F79EFBC}") = "OrderApi.Domain", "OrderApi.Domain\OrderApi.Domain.csproj", "{81C8B8B7-8AA0-4DAE-9E7F-303494D51E36}"
EndProject
Project("{FAE04EC0-301F-11D3-BF4B-00C04F79EFBC}") = "OrderApi.Application", "OrderApi.Application\OrderApi.Application.csproj", "{ECAEC96C-0DEA-4B7E-B0EF-66E74226DBC9}"
EndProject
Project("{FAE04EC0-301F-11D3-BF4B-00C04F79EFBC}") = "OrderApi.Infrastructure", "OrderApi.Infrastructure\OrderApi.Infrastructure.csproj", "{088CF158-E2A4-496F-879A-25F8D8E442F1}"
EndProject
Project("{FAE04EC0-301F-11D3-BF4B-00C04F79EFBC}") = "OrderApi.Presentation", "OrderApi.Presentation\OrderApi.Presentation.csproj", "{56325C20-DA83-40D8-B61E-67D594ABFAEB}"
EndProject
Project("{FAE04EC0-301F-11D3-BF4B-00C04F79EFBC}") = "ecommrece.sharedliberary", "..\Ecommerce_SharedLiberarySolution\ecommrece.sharedliberary\ecommrece.sharedliberary.csproj", "{BDB92615-38FE-776E-17E9-76CF462E2BE7}"
EndProject
Global
	GlobalSection(SolutionConfigurationPlatforms) = preSolution
		Debug|Any CPU = Debug|Any CPU
		Release|Any CPU = Release|Any CPU
	EndGlobalSection
	GlobalSection(ProjectConfigurationPlatforms) = postSolution
		{81C8B8B7-8AA0-4DAE-9E7F-303494D51E36}.Debug|Any CPU.ActiveCfg = Debug|Any CPU
		{81C8B8B7-8AA0-4DAE-9E7F-303494D51E36}.Debug|Any CPU.Build.0 = Debug|Any CPU
		{81C8B8B7-8AA0-4DAE-9E7F-303494D51E36}.Release|Any CPU.ActiveCfg = Release|Any CPU
		{81C8B8B7-8AA0-4DAE-9E7F-303494D51E36}.Release|Any CPU.Build.0 = Release|Any CPU
		{ECAEC96C-0DEA-4B7E-B0EF-66E74226DBC9}.Debug|Any CPU.ActiveCfg = Debug|Any CPU
		{ECAEC96C-0DEA-4B7E-B0EF-66E74226DBC9}.Debug|Any CPU.Build.0 = Debug|Any CPU
		{ECAEC96C-0DEA-4B7E-B0EF-66E74226DBC9}.Release|Any CPU.ActiveCfg = Release|Any CPU
		{ECAEC96C-0DEA-4B7E-B0EF-66E74226DBC9}.Release|Any CPU.Build.0 = Release|Any CPU
		{088CF158-E2A4-496F-879A-25F8D8E442F1}.Debug|Any CPU.ActiveCfg = Debug|Any CPU
		{088CF158-E2A4-496F-879A-25F8D8E442F1}.Debug|Any CPU.Build.0 = Debug|Any CPU
		{088CF158-E2A4-496F-879A-25F8D8E442F1}.Release|Any CPU.ActiveCfg = Release|Any CPU
		{088CF158-E2A4-496F-879A-25F8D8E442F1}.Release|Any CPU.Build.0 = Release|Any CPU
		{56325C20-DA83-40D8-B61E-67D594ABFAEB}.Debug|Any CPU.ActiveCfg = Debug|Any CPU
		{56325C20-DA83-40D8-B61E-67D594ABFAEB}.Debug|Any CPU.Build.0 = Debug|Any CPU
		{56325C20-DA83-40D8-B61E-67D594ABFAEB}.Release|Any CPU.ActiveCfg = Release|Any CPU
		{56325C20-DA83-40D8-B61E-67D594ABFAEB}.Release|Any CPU.Build.0 = Release|Any CPU
		{BDB92615-38FE-776E-17E9-76CF462E2BE7}.Debug|Any CPU.ActiveCfg = Debug|Any CPU
		{BDB92615-38FE-776E-17E9-76CF462E2BE7}.Debug|Any CPU.Build.0 = Debug|Any CPU
		{BDB92615-38FE-776E-17E9-76CF462E2BE7}.Release|Any CPU.ActiveCfg = Release|Any CPU
		{BDB92615-38FE-776E-17E9-76CF462E2BE7}.Release|Any CPU.Build.0 = Release|Any CPU
	EndGlobalSection
	GlobalSection(SolutionProperties) = preSolution
		HideSolutionNode = FALSE
	EndGlobalSection
	GlobalSection(ExtensibilityGlobals) = postSolution
		SolutionGuid = {8738C13F-A5F1-421D-B6FE-DE1659ABC64B}
	EndGlobalSection
EndGlobal
